
Microsoft Visual Studio Solution File, Format Version 12.00
# Visual Studio Version 16
VisualStudioVersion = 16.0.31829.152
MinimumVisualStudioVersion = 10.0.40219.1
Project("{FAE04EC0-301F-11D3-BF4B-00C04F79EFBC}") = "WpfApp_Task11_1", "WpfApp_Task11\WpfApp_Task11_1.csproj", "{D30A144F-B9F9-4773-8D13-CD10AE141B32}"
EndProject
Project("{FAE04EC0-301F-11D3-BF4B-00C04F79EFBC}") = "WpfApp_Task11_2", "WpfApp_Task11_2\WpfApp_Task11_2.csproj", "{755AB3A7-038D-4535-8EA1-095527766BB2}"
EndProject
Global
	GlobalSection(SolutionConfigurationPlatforms) = preSolution
		Debug|Any CPU = Debug|Any CPU
		Release|Any CPU = Release|Any CPU
	EndGlobalSection
	GlobalSection(ProjectConfigurationPlatforms) = postSolution
		{D30A144F-B9F9-4773-8D13-CD10AE141B32}.Debug|Any CPU.ActiveCfg = Debug|Any CPU
		{D30A144F-B9F9-4773-8D13-CD10AE141B32}.Debug|Any CPU.Build.0 = Debug|Any CPU
		{D30A144F-B9F9-4773-8D13-CD10AE141B32}.Release|Any CPU.ActiveCfg = Release|Any CPU
		{D30A144F-B9F9-4773-8D13-CD10AE141B32}.Release|Any CPU.Build.0 = Release|Any CPU
		{755AB3A7-038D-4535-8EA1-095527766BB2}.Debug|Any CPU.ActiveCfg = Debug|Any CPU
		{755AB3A7-038D-4535-8EA1-095527766BB2}.Debug|Any CPU.Build.0 = Debug|Any CPU
		{755AB3A7-038D-4535-8EA1-095527766BB2}.Release|Any CPU.ActiveCfg = Release|Any CPU
		{755AB3A7-038D-4535-8EA1-095527766BB2}.Release|Any CPU.Build.0 = Release|Any CPU
	EndGlobalSection
	GlobalSection(SolutionProperties) = preSolution
		HideSolutionNode = FALSE
	EndGlobalSection
	GlobalSection(ExtensibilityGlobals) = postSolution
		SolutionGuid = {418439BC-116A-48D3-9BC2-4C50F3E997CA}
	EndGlobalSection
EndGlobal
